
Microsoft Visual Studio Solution File, Format Version 12.00
# Visual Studio Version 16
VisualStudioVersion = 16.0.30330.147
MinimumVisualStudioVersion = 10.0.40219.1
Project("{FAE04EC0-301F-11D3-BF4B-00C04F79EFBC}") = "Multi-tree", "Multi-tree\Multi-tree.csproj", "{1FCD8B8B-AE42-44EC-9858-A717A9A90964}"
EndProject
Global
	GlobalSection(SolutionConfigurationPlatforms) = preSolution
		Debug|Any CPU = Debug|Any CPU
		Release|Any CPU = Release|Any CPU
	EndGlobalSection
	GlobalSection(ProjectConfigurationPlatforms) = postSolution
		{1FCD8B8B-AE42-44EC-9858-A717A9A90964}.Debug|Any CPU.ActiveCfg = Debug|Any CPU
		{1FCD8B8B-AE42-44EC-9858-A717A9A90964}.Debug|Any CPU.Build.0 = Debug|Any CPU
		{1FCD8B8B-AE42-44EC-9858-A717A9A90964}.Release|Any CPU.ActiveCfg = Release|Any CPU
		{1FCD8B8B-AE42-44EC-9858-A717A9A90964}.Release|Any CPU.Build.0 = Release|Any CPU
	EndGlobalSection
	GlobalSection(SolutionProperties) = preSolution
		HideSolutionNode = FALSE
	EndGlobalSection
	GlobalSection(ExtensibilityGlobals) = postSolution
		SolutionGuid = {D077358D-3972-43C9-9D19-39E2C2AC8369}
	EndGlobalSection
EndGlobal
